Microsoft Visual Studio Solution File, Format Version 12.00
# Visual Studio 2012
Project("{FAE04EC0-301F-11D3-BF4B-00C04F79EFBC}") = "LudumDare59-Signal", "LudumDare59-Signal.csproj", "{4522BEE5-F104-46F1-8286-5347713DBF68}"
EndProject
Global
	GlobalSection(SolutionConfigurationPlatforms) = preSolution
	Debug|Any CPU = Debug|Any CPU
	ExportDebug|Any CPU = ExportDebug|Any CPU
	ExportRelease|Any CPU = ExportRelease|Any CPU
	EndGlobalSection
	GlobalSection(ProjectConfigurationPlatforms) = postSolution
		{4522BEE5-F104-46F1-8286-5347713DBF68}.Debug|Any CPU.ActiveCfg = Debug|Any CPU
		{4522BEE5-F104-46F1-8286-5347713DBF68}.Debug|Any CPU.Build.0 = Debug|Any CPU
		{4522BEE5-F104-46F1-8286-5347713DBF68}.ExportDebug|Any CPU.ActiveCfg = ExportDebug|Any CPU
		{4522BEE5-F104-46F1-8286-5347713DBF68}.ExportDebug|Any CPU.Build.0 = ExportDebug|Any CPU
		{4522BEE5-F104-46F1-8286-5347713DBF68}.ExportRelease|Any CPU.ActiveCfg = ExportRelease|Any CPU
		{4522BEE5-F104-46F1-8286-5347713DBF68}.ExportRelease|Any CPU.Build.0 = ExportRelease|Any CPU
	EndGlobalSection
EndGlobal
